{
    "name": "entry",
    "lockfileVersion": 2,
    "requires": true,
    "packages": {
        "": {
            "devDependencies": {
                "libffrtndk.so": "file:./src/main/cpp/types/libffrtndk"
            }
        },
        "node_modules/libffrtndk.so": {
            "resolved": "src/main/cpp/types/libffrtndk",
            "link": true
        },
        "src/main/cpp/types/libffrtndk": {
            "dev": true
        }
    },
    "dependencies": {
        "libffrtndk.so": {
            "version": "file:src/main/cpp/types/libffrtndk"
        }
    }
}
